github.com/jose78/go-collenction-utils v0.0.0-20200629075040-f2618e2167a5 h1:oPxL5DqwHDn147X1IP4eAM8z3TrIWxOfmUFrr4TAwIo=
github.com/robertkrimen/godocdown v0.0.0-20130622164427-0bfa04905481 h1:jMxcLa+VjJKhpCwbLUXAD15wJ+hhvXMLujCl3MkXpfM=
github.com/robertkrimen/godocdown v0.0.0-20130622164427-0bfa04905481/go.mod h1:C9WhFzY47SzYBIvzFqSvHIR6ROgDo4TtdTuRaOMjF/s=
