github.com/jose78/go-collenction v0.0.0-20200629075040-f2618e2167a5 h1:Uke5xKBxZvdS6/EkZny148MY3y1RdcN71VNT+P3Sy1I=
github.com/jose78/go-collenction v0.0.0-20200629075040-f2618e2167a5/go.mod h1:tm2BC8R3ZfwDe/skghoGS4S60pMmj5yDvXeYAYsQUSM=
github.com/jose78/go-collenction v0.0.0-20200707220153-c99fb1a19134 h1:S2M1g9/JbrHLvFyCVil/XpdNJp0eqM8ClCUWlTu93mA=
github.com/jose78/go-collenction v0.0.0-20200707220153-c99fb1a19134/go.mod h1:+As09/jXebSnKelmtnj9j2u+Kce+Uxywz9l6WS9eejc=
